
Microsoft Visual Studio Solution File, Format Version 12.00
Project("{FAE04EC0-301F-11D3-BF4B-00C04F79EFBC}") = "leases.api", "leases.api\leases.api\leases.api.csproj", "{C8A2C2D6-B022-4ABE-876D-B6C642016A10}"
EndProject
Project("{FAE04EC0-301F-11D3-BF4B-00C04F79EFBC}") = "leases.api.test", "leases.api\leases.api.test\leases.api.test.csproj", "{4898B8DC-0C0F-40DE-B95D-4A7775DC1A05}"
EndProject
Global
	GlobalSection(SolutionConfigurationPlatforms) = preSolution
		Debug|Any CPU = Debug|Any CPU
		Release|Any CPU = Release|Any CPU
	EndGlobalSection
	GlobalSection(ProjectConfigurationPlatforms) = postSolution
		{C8A2C2D6-B022-4ABE-876D-B6C642016A10}.Debug|Any CPU.ActiveCfg = Debug|Any CPU
		{C8A2C2D6-B022-4ABE-876D-B6C642016A10}.Debug|Any CPU.Build.0 = Debug|Any CPU
		{C8A2C2D6-B022-4ABE-876D-B6C642016A10}.Release|Any CPU.ActiveCfg = Release|Any CPU
		{C8A2C2D6-B022-4ABE-876D-B6C642016A10}.Release|Any CPU.Build.0 = Release|Any CPU
		{4898B8DC-0C0F-40DE-B95D-4A7775DC1A05}.Debug|Any CPU.ActiveCfg = Debug|Any CPU
		{4898B8DC-0C0F-40DE-B95D-4A7775DC1A05}.Debug|Any CPU.Build.0 = Debug|Any CPU
		{4898B8DC-0C0F-40DE-B95D-4A7775DC1A05}.Release|Any CPU.ActiveCfg = Release|Any CPU
		{4898B8DC-0C0F-40DE-B95D-4A7775DC1A05}.Release|Any CPU.Build.0 = Release|Any CPU
	EndGlobalSection
EndGlobal
